
Microsoft Visual Studio Solution File, Format Version 12.00
# Visual Studio Version 18
VisualStudioVersion = 18.4.11605.240
MinimumVisualStudioVersion = 10.0.40219.1
Project("{2150E333-8FDC-42A3-9474-1A3956D46DE8}") = "src", "src", "{B4C68BC1-722B-4069-9E4D-7E7FB04FA20A}"
EndProject
Project("{2150E333-8FDC-42A3-9474-1A3956D46DE8}") = "tests", "tests", "{CE774A12-53F2-4F94-ADFA-96E36863AED4}"
EndProject
Project("{2150E333-8FDC-42A3-9474-1A3956D46DE8}") = "Элементы решения", "Элементы решения", "{754FC069-D67B-A9D7-50A1-8D1CA196D8F1}"
	ProjectSection(SolutionItems) = preProject
		.editorconfig = .editorconfig
	EndProjectSection
EndProject
Project("{FAE04EC0-301F-11D3-BF4B-00C04F79EFBC}") = "Lexer", "src\Lexer\Lexer.csproj", "{133A0B4C-7406-4CCF-98FB-113D5CF509C9}"
EndProject
Project("{FAE04EC0-301F-11D3-BF4B-00C04F79EFBC}") = "Lexer.UnitTests", "tests\Lexer.UnitTests\Lexer.UnitTests.csproj", "{22FCCD69-E661-4EBD-8659-657E91C86ADA}"
EndProject
Project("{FAE04EC0-301F-11D3-BF4B-00C04F79EFBC}") = "Parser", "src\Parser\Parser.csproj", "{A6200484-E8A2-D261-1669-05186CC04256}"
EndProject
Project("{FAE04EC0-301F-11D3-BF4B-00C04F79EFBC}") = "Ast", "src\Ast\Ast.csproj", "{637C3CB2-BBD2-BD6A-1FC6-F08BA383417A}"
EndProject
Project("{FAE04EC0-301F-11D3-BF4B-00C04F79EFBC}") = "Interpreter", "src\Interpreter\Interpreter.csproj", "{5EDBEDA7-5F27-D676-954E-62DCD7502634}"
EndProject
Project("{FAE04EC0-301F-11D3-BF4B-00C04F79EFBC}") = "Parser.UnitTests", "tests\Parser.UnitTests\Parser.UnitTests.csproj", "{B0EDCFCD-7C25-A99E-DAE8-E0E24B76B89F}"
EndProject
Project("{FAE04EC0-301F-11D3-BF4B-00C04F79EFBC}") = "Semantics", "src\Semantics\Semantics.csproj", "{849A5937-7046-4012-B2C8-7C17362DD3A7}"
EndProject
Project("{FAE04EC0-301F-11D3-BF4B-00C04F79EFBC}") = "Runtime", "src\Runtime\Runtime.csproj", "{11111111-1111-1111-1111-111111111111}"
EndProject
Project("{FAE04EC0-301F-11D3-BF4B-00C04F79EFBC}") = "VirtualMachine", "src\VirtualMachine\VirtualMachine.csproj", "{22222222-2222-2222-2222-222222222222}"
EndProject
Project("{FAE04EC0-301F-11D3-BF4B-00C04F79EFBC}") = "VirtualMachineCodegen", "src\VirtualMachineCodegen\VirtualMachineCodegen.csproj", "{33333333-3333-3333-3333-333333333333}"
EndProject
Project("{FAE04EC0-301F-11D3-BF4B-00C04F79EFBC}") = "Semantics.UnitTests", "tests\Semantics.UnitTests\Semantics.UnitTests.csproj", "{44444444-4444-4444-4444-444444444444}"
EndProject
Project("{FAE04EC0-301F-11D3-BF4B-00C04F79EFBC}") = "Runtime.UnitTests", "tests\Runtime.UnitTests\Runtime.UnitTests.csproj", "{55555555-5555-5555-5555-555555555555}"
EndProject
Project("{FAE04EC0-301F-11D3-BF4B-00C04F79EFBC}") = "VirtualMachine.UnitTests", "tests\VirtualMachine.UnitTests\VirtualMachine.UnitTests.csproj", "{66666666-6666-6666-6666-666666666666}"
EndProject
Project("{FAE04EC0-301F-11D3-BF4B-00C04F79EFBC}") = "VirtualMachineCodegen.UnitTests", "tests\VirtualMachineCodegen.UnitTests\VirtualMachineCodegen.UnitTests.csproj", "{77777777-7777-7777-7777-777777777777}"
EndProject
Project("{FAE04EC0-301F-11D3-BF4B-00C04F79EFBC}") = "Interpreter.UnitTests", "tests\Interpreter.UnitTests\Interpreter.UnitTests.csproj", "{88888888-8888-8888-8888-888888888888}"
EndProject
Global
	GlobalSection(SolutionConfigurationPlatforms) = preSolution
		Debug|Any CPU = Debug|Any CPU
		Release|Any CPU = Release|Any CPU
	EndGlobalSection
	GlobalSection(ProjectConfigurationPlatforms) = postSolution
		{133A0B4C-7406-4CCF-98FB-113D5CF509C9}.Debug|Any CPU.ActiveCfg = Debug|Any CPU
		{133A0B4C-7406-4CCF-98FB-113D5CF509C9}.Debug|Any CPU.Build.0 = Debug|Any CPU
		{133A0B4C-7406-4CCF-98FB-113D5CF509C9}.Release|Any CPU.ActiveCfg = Release|Any CPU
		{133A0B4C-7406-4CCF-98FB-113D5CF509C9}.Release|Any CPU.Build.0 = Release|Any CPU
		{22FCCD69-E661-4EBD-8659-657E91C86ADA}.Debug|Any CPU.ActiveCfg = Debug|Any CPU
		{22FCCD69-E661-4EBD-8659-657E91C86ADA}.Debug|Any CPU.Build.0 = Debug|Any CPU
		{22FCCD69-E661-4EBD-8659-657E91C86ADA}.Release|Any CPU.ActiveCfg = Release|Any CPU
		{22FCCD69-E661-4EBD-8659-657E91C86ADA}.Release|Any CPU.Build.0 = Release|Any CPU
		{A6200484-E8A2-D261-1669-05186CC04256}.Debug|Any CPU.ActiveCfg = Debug|Any CPU
		{A6200484-E8A2-D261-1669-05186CC04256}.Debug|Any CPU.Build.0 = Debug|Any CPU
		{A6200484-E8A2-D261-1669-05186CC04256}.Release|Any CPU.ActiveCfg = Release|Any CPU
		{A6200484-E8A2-D261-1669-05186CC04256}.Release|Any CPU.Build.0 = Release|Any CPU
		{637C3CB2-BBD2-BD6A-1FC6-F08BA383417A}.Debug|Any CPU.ActiveCfg = Debug|Any CPU
		{637C3CB2-BBD2-BD6A-1FC6-F08BA383417A}.Debug|Any CPU.Build.0 = Debug|Any CPU
		{637C3CB2-BBD2-BD6A-1FC6-F08BA383417A}.Release|Any CPU.ActiveCfg = Release|Any CPU
		{637C3CB2-BBD2-BD6A-1FC6-F08BA383417A}.Release|Any CPU.Build.0 = Release|Any CPU
		{5EDBEDA7-5F27-D676-954E-62DCD7502634}.Debug|Any CPU.ActiveCfg = Debug|Any CPU
		{5EDBEDA7-5F27-D676-954E-62DCD7502634}.Debug|Any CPU.Build.0 = Debug|Any CPU
		{5EDBEDA7-5F27-D676-954E-62DCD7502634}.Release|Any CPU.ActiveCfg = Release|Any CPU
		{5EDBEDA7-5F27-D676-954E-62DCD7502634}.Release|Any CPU.Build.0 = Release|Any CPU
		{B0EDCFCD-7C25-A99E-DAE8-E0E24B76B89F}.Debug|Any CPU.ActiveCfg = Debug|Any CPU
		{B0EDCFCD-7C25-A99E-DAE8-E0E24B76B89F}.Debug|Any CPU.Build.0 = Debug|Any CPU
		{B0EDCFCD-7C25-A99E-DAE8-E0E24B76B89F}.Release|Any CPU.ActiveCfg = Release|Any CPU
		{B0EDCFCD-7C25-A99E-DAE8-E0E24B76B89F}.Release|Any CPU.Build.0 = Release|Any CPU
		{849A5937-7046-4012-B2C8-7C17362DD3A7}.Debug|Any CPU.ActiveCfg = Debug|Any CPU
		{849A5937-7046-4012-B2C8-7C17362DD3A7}.Debug|Any CPU.Build.0 = Debug|Any CPU
		{849A5937-7046-4012-B2C8-7C17362DD3A7}.Release|Any CPU.ActiveCfg = Release|Any CPU
		{849A5937-7046-4012-B2C8-7C17362DD3A7}.Release|Any CPU.Build.0 = Release|Any CPU
		{11111111-1111-1111-1111-111111111111}.Debug|Any CPU.ActiveCfg = Debug|Any CPU
		{11111111-1111-1111-1111-111111111111}.Debug|Any CPU.Build.0 = Debug|Any CPU
		{11111111-1111-1111-1111-111111111111}.Release|Any CPU.ActiveCfg = Release|Any CPU
		{11111111-1111-1111-1111-111111111111}.Release|Any CPU.Build.0 = Release|Any CPU
		{22222222-2222-2222-2222-222222222222}.Debug|Any CPU.ActiveCfg = Debug|Any CPU
		{22222222-2222-2222-2222-222222222222}.Debug|Any CPU.Build.0 = Debug|Any CPU
		{22222222-2222-2222-2222-222222222222}.Release|Any CPU.ActiveCfg = Release|Any CPU
		{22222222-2222-2222-2222-222222222222}.Release|Any CPU.Build.0 = Release|Any CPU
		{33333333-3333-3333-3333-333333333333}.Debug|Any CPU.ActiveCfg = Debug|Any CPU
		{33333333-3333-3333-3333-333333333333}.Debug|Any CPU.Build.0 = Debug|Any CPU
		{33333333-3333-3333-3333-333333333333}.Release|Any CPU.ActiveCfg = Release|Any CPU
		{33333333-3333-3333-3333-333333333333}.Release|Any CPU.Build.0 = Release|Any CPU
		{44444444-4444-4444-4444-444444444444}.Debug|Any CPU.ActiveCfg = Debug|Any CPU
		{44444444-4444-4444-4444-444444444444}.Debug|Any CPU.Build.0 = Debug|Any CPU
		{44444444-4444-4444-4444-444444444444}.Release|Any CPU.ActiveCfg = Release|Any CPU
		{44444444-4444-4444-4444-444444444444}.Release|Any CPU.Build.0 = Release|Any CPU
		{55555555-5555-5555-5555-555555555555}.Debug|Any CPU.ActiveCfg = Debug|Any CPU
		{55555555-5555-5555-5555-555555555555}.Debug|Any CPU.Build.0 = Debug|Any CPU
		{55555555-5555-5555-5555-555555555555}.Release|Any CPU.ActiveCfg = Release|Any CPU
		{55555555-5555-5555-5555-555555555555}.Release|Any CPU.Build.0 = Release|Any CPU
		{66666666-6666-6666-6666-666666666666}.Debug|Any CPU.ActiveCfg = Debug|Any CPU
		{66666666-6666-6666-6666-666666666666}.Debug|Any CPU.Build.0 = Debug|Any CPU
		{66666666-6666-6666-6666-666666666666}.Release|Any CPU.ActiveCfg = Release|Any CPU
		{66666666-6666-6666-6666-666666666666}.Release|Any CPU.Build.0 = Release|Any CPU
		{77777777-7777-7777-7777-777777777777}.Debug|Any CPU.ActiveCfg = Debug|Any CPU
		{77777777-7777-7777-7777-777777777777}.Debug|Any CPU.Build.0 = Debug|Any CPU
		{77777777-7777-7777-7777-777777777777}.Release|Any CPU.ActiveCfg = Release|Any CPU
		{77777777-7777-7777-7777-777777777777}.Release|Any CPU.Build.0 = Release|Any CPU
		{88888888-8888-8888-8888-888888888888}.Debug|Any CPU.ActiveCfg = Debug|Any CPU
		{88888888-8888-8888-8888-888888888888}.Debug|Any CPU.Build.0 = Debug|Any CPU
		{88888888-8888-8888-8888-888888888888}.Release|Any CPU.ActiveCfg = Release|Any CPU
		{88888888-8888-8888-8888-888888888888}.Release|Any CPU.Build.0 = Release|Any CPU
	EndGlobalSection
	GlobalSection(SolutionProperties) = preSolution
		HideSolutionNode = FALSE
	EndGlobalSection
	GlobalSection(NestedProjects) = preSolution
		{133A0B4C-7406-4CCF-98FB-113D5CF509C9} = {B4C68BC1-722B-4069-9E4D-7E7FB04FA20A}
		{22FCCD69-E661-4EBD-8659-657E91C86ADA} = {CE774A12-53F2-4F94-ADFA-96E36863AED4}
		{A6200484-E8A2-D261-1669-05186CC04256} = {B4C68BC1-722B-4069-9E4D-7E7FB04FA20A}
		{637C3CB2-BBD2-BD6A-1FC6-F08BA383417A} = {B4C68BC1-722B-4069-9E4D-7E7FB04FA20A}
		{5EDBEDA7-5F27-D676-954E-62DCD7502634} = {B4C68BC1-722B-4069-9E4D-7E7FB04FA20A}
		{B0EDCFCD-7C25-A99E-DAE8-E0E24B76B89F} = {CE774A12-53F2-4F94-ADFA-96E36863AED4}
		{849A5937-7046-4012-B2C8-7C17362DD3A7} = {B4C68BC1-722B-4069-9E4D-7E7FB04FA20A}
		{11111111-1111-1111-1111-111111111111} = {B4C68BC1-722B-4069-9E4D-7E7FB04FA20A}
		{22222222-2222-2222-2222-222222222222} = {B4C68BC1-722B-4069-9E4D-7E7FB04FA20A}
		{33333333-3333-3333-3333-333333333333} = {B4C68BC1-722B-4069-9E4D-7E7FB04FA20A}
		{44444444-4444-4444-4444-444444444444} = {CE774A12-53F2-4F94-ADFA-96E36863AED4}
		{55555555-5555-5555-5555-555555555555} = {CE774A12-53F2-4F94-ADFA-96E36863AED4}
		{66666666-6666-6666-6666-666666666666} = {CE774A12-53F2-4F94-ADFA-96E36863AED4}
		{77777777-7777-7777-7777-777777777777} = {CE774A12-53F2-4F94-ADFA-96E36863AED4}
		{88888888-8888-8888-8888-888888888888} = {CE774A12-53F2-4F94-ADFA-96E36863AED4}
	EndGlobalSection
	GlobalSection(ExtensibilityGlobals) = postSolution
		SolutionGuid = {65E7C135-BC3E-4C14-B07C-EE4E6DE8D8D1}
	EndGlobalSection
EndGlobal
