
Microsoft Visual Studio Solution File, Format Version 12.00
# Visual Studio Version 18
VisualStudioVersion = 18.4.11605.240
MinimumVisualStudioVersion = 10.0.40219.1
Project("{2150E333-8FDC-42A3-9474-1A3956D46DE8}") = "src", "src", "{B4C68BC1-722B-4069-9E4D-7E7FB04FA20A}"
EndProject
Project("{2150E333-8FDC-42A3-9474-1A3956D46DE8}") = "tests", "tests", "{CE774A12-53F2-4F94-ADFA-96E36863AED4}"
EndProject
Project("{2150E333-8FDC-42A3-9474-1A3956D46DE8}") = "Элементы решения", "Элементы решения", "{754FC069-D67B-A9D7-50A1-8D1CA196D8F1}"
	ProjectSection(SolutionItems) = preProject
		.editorconfig = .editorconfig
	EndProjectSection
EndProject
Project("{FAE04EC0-301F-11D3-BF4B-00C04F79EFBC}") = "Lexer", "src\Lexer\Lexer.csproj", "{133A0B4C-7406-4CCF-98FB-113D5CF509C9}"
EndProject
Project("{FAE04EC0-301F-11D3-BF4B-00C04F79EFBC}") = "Lexer.UnitTests", "tests\Lexer.UnitTests\Lexer.UnitTests.csproj", "{22FCCD69-E661-4EBD-8659-657E91C86ADA}"
EndProject
Project("{FAE04EC0-301F-11D3-BF4B-00C04F79EFBC}") = "Parser", "src\Parser\Parser.csproj", "{A6200484-E8A2-D261-1669-05186CC04256}"
EndProject
Project("{FAE04EC0-301F-11D3-BF4B-00C04F79EFBC}") = "Ast", "src\Ast\Ast.csproj", "{637C3CB2-BBD2-BD6A-1FC6-F08BA383417A}"
EndProject
Project("{FAE04EC0-301F-11D3-BF4B-00C04F79EFBC}") = "Interpreter", "src\Interpreter\Interpreter.csproj", "{5EDBEDA7-5F27-D676-954E-62DCD7502634}"
EndProject
Project("{FAE04EC0-301F-11D3-BF4B-00C04F79EFBC}") = "Parser.UnitTests", "tests\Parser.UnitTests\Parser.UnitTests.csproj", "{B0EDCFCD-7C25-A99E-DAE8-E0E24B76B89F}"
EndProject
Global
	GlobalSection(SolutionConfigurationPlatforms) = preSolution
		Debug|Any CPU = Debug|Any CPU
		Release|Any CPU = Release|Any CPU
	EndGlobalSection
	GlobalSection(ProjectConfigurationPlatforms) = postSolution
		{133A0B4C-7406-4CCF-98FB-113D5CF509C9}.Debug|Any CPU.ActiveCfg = Debug|Any CPU
		{133A0B4C-7406-4CCF-98FB-113D5CF509C9}.Debug|Any CPU.Build.0 = Debug|Any CPU
		{133A0B4C-7406-4CCF-98FB-113D5CF509C9}.Release|Any CPU.ActiveCfg = Release|Any CPU
		{133A0B4C-7406-4CCF-98FB-113D5CF509C9}.Release|Any CPU.Build.0 = Release|Any CPU
		{22FCCD69-E661-4EBD-8659-657E91C86ADA}.Debug|Any CPU.ActiveCfg = Debug|Any CPU
		{22FCCD69-E661-4EBD-8659-657E91C86ADA}.Debug|Any CPU.Build.0 = Debug|Any CPU
		{22FCCD69-E661-4EBD-8659-657E91C86ADA}.Release|Any CPU.ActiveCfg = Release|Any CPU
		{22FCCD69-E661-4EBD-8659-657E91C86ADA}.Release|Any CPU.Build.0 = Release|Any CPU
		{A6200484-E8A2-D261-1669-05186CC04256}.Debug|Any CPU.ActiveCfg = Debug|Any CPU
		{A6200484-E8A2-D261-1669-05186CC04256}.Debug|Any CPU.Build.0 = Debug|Any CPU
		{A6200484-E8A2-D261-1669-05186CC04256}.Release|Any CPU.ActiveCfg = Release|Any CPU
		{A6200484-E8A2-D261-1669-05186CC04256}.Release|Any CPU.Build.0 = Release|Any CPU
		{637C3CB2-BBD2-BD6A-1FC6-F08BA383417A}.Debug|Any CPU.ActiveCfg = Debug|Any CPU
		{637C3CB2-BBD2-BD6A-1FC6-F08BA383417A}.Debug|Any CPU.Build.0 = Debug|Any CPU
		{637C3CB2-BBD2-BD6A-1FC6-F08BA383417A}.Release|Any CPU.ActiveCfg = Release|Any CPU
		{637C3CB2-BBD2-BD6A-1FC6-F08BA383417A}.Release|Any CPU.Build.0 = Release|Any CPU
		{5EDBEDA7-5F27-D676-954E-62DCD7502634}.Debug|Any CPU.ActiveCfg = Debug|Any CPU
		{5EDBEDA7-5F27-D676-954E-62DCD7502634}.Debug|Any CPU.Build.0 = Debug|Any CPU
		{5EDBEDA7-5F27-D676-954E-62DCD7502634}.Release|Any CPU.ActiveCfg = Release|Any CPU
		{5EDBEDA7-5F27-D676-954E-62DCD7502634}.Release|Any CPU.Build.0 = Release|Any CPU
		{B0EDCFCD-7C25-A99E-DAE8-E0E24B76B89F}.Debug|Any CPU.ActiveCfg = Debug|Any CPU
		{B0EDCFCD-7C25-A99E-DAE8-E0E24B76B89F}.Debug|Any CPU.Build.0 = Debug|Any CPU
		{B0EDCFCD-7C25-A99E-DAE8-E0E24B76B89F}.Release|Any CPU.ActiveCfg = Release|Any CPU
		{B0EDCFCD-7C25-A99E-DAE8-E0E24B76B89F}.Release|Any CPU.Build.0 = Release|Any CPU
	EndGlobalSection
	GlobalSection(SolutionProperties) = preSolution
		HideSolutionNode = FALSE
	EndGlobalSection
	GlobalSection(NestedProjects) = preSolution
		{133A0B4C-7406-4CCF-98FB-113D5CF509C9} = {B4C68BC1-722B-4069-9E4D-7E7FB04FA20A}
		{22FCCD69-E661-4EBD-8659-657E91C86ADA} = {CE774A12-53F2-4F94-ADFA-96E36863AED4}
		{A6200484-E8A2-D261-1669-05186CC04256} = {B4C68BC1-722B-4069-9E4D-7E7FB04FA20A}
		{637C3CB2-BBD2-BD6A-1FC6-F08BA383417A} = {B4C68BC1-722B-4069-9E4D-7E7FB04FA20A}
		{5EDBEDA7-5F27-D676-954E-62DCD7502634} = {B4C68BC1-722B-4069-9E4D-7E7FB04FA20A}
		{B0EDCFCD-7C25-A99E-DAE8-E0E24B76B89F} = {CE774A12-53F2-4F94-ADFA-96E36863AED4}
	EndGlobalSection
	GlobalSection(ExtensibilityGlobals) = postSolution
		SolutionGuid = {65E7C135-BC3E-4C14-B07C-EE4E6DE8D8D1}
	EndGlobalSection
EndGlobal
